
Microsoft Visual Studio Solution File, Format Version 12.00
# Visual Studio Version 16
VisualStudioVersion = 16.0.30320.27
MinimumVisualStudioVersion = 10.0.40219.1
Project("{FAE04EC0-301F-11D3-BF4B-00C04F79EFBC}") = "AddData", "AddData\AddData.csproj", "{27CF1BEC-5480-4AE6-8A00-9D07AD47B161}"
EndProject
Global
	GlobalSection(SolutionConfigurationPlatforms) = preSolution
		Debug|Any CPU = Debug|Any CPU
		Release|Any CPU = Release|Any CPU
	EndGlobalSection
	GlobalSection(ProjectConfigurationPlatforms) = postSolution
		{27CF1BEC-5480-4AE6-8A00-9D07AD47B161}.Debug|Any CPU.ActiveCfg = Debug|Any CPU
		{27CF1BEC-5480-4AE6-8A00-9D07AD47B161}.Debug|Any CPU.Build.0 = Debug|Any CPU
		{27CF1BEC-5480-4AE6-8A00-9D07AD47B161}.Release|Any CPU.ActiveCfg = Release|Any CPU
		{27CF1BEC-5480-4AE6-8A00-9D07AD47B161}.Release|Any CPU.Build.0 = Release|Any CPU
	EndGlobalSection
	GlobalSection(SolutionProperties) = preSolution
		HideSolutionNode = FALSE
	EndGlobalSection
	GlobalSection(ExtensibilityGlobals) = postSolution
		SolutionGuid = {06341FEA-2AF0-4B07-AE96-B252EC6B3CE4}
	EndGlobalSection
EndGlobal
