
Microsoft Visual Studio Solution File, Format Version 12.00
# Visual Studio Version 16
VisualStudioVersion = 16.0.30804.86
MinimumVisualStudioVersion = 10.0.40219.1
Project("{9A19103F-16F7-4668-BE54-9A1E7A4F7556}") = "Quiz", "Quiz\Quiz.csproj", "{1BE49546-E37C-4EE9-B8F5-A1A5EBAB7952}"
EndProject
Project("{FAE04EC0-301F-11D3-BF4B-00C04F79EFBC}") = "Quiz.DAL", "Quiz.DAL\Quiz.DAL.csproj", "{12142866-6202-443A-A8D9-FEEE0E3ACE20}"
EndProject
Project("{FAE04EC0-301F-11D3-BF4B-00C04F79EFBC}") = "QuizForm", "QuizForm\QuizForm.csproj", "{4E99702A-B91C-4708-A9C0-41C3202C5B94}"
EndProject
Global
	GlobalSection(SolutionConfigurationPlatforms) = preSolution
		Debug|Any CPU = Debug|Any CPU
		Release|Any CPU = Release|Any CPU
	EndGlobalSection
	GlobalSection(ProjectConfigurationPlatforms) = postSolution
		{1BE49546-E37C-4EE9-B8F5-A1A5EBAB7952}.Debug|Any CPU.ActiveCfg = Debug|Any CPU
		{1BE49546-E37C-4EE9-B8F5-A1A5EBAB7952}.Debug|Any CPU.Build.0 = Debug|Any CPU
		{1BE49546-E37C-4EE9-B8F5-A1A5EBAB7952}.Release|Any CPU.ActiveCfg = Release|Any CPU
		{1BE49546-E37C-4EE9-B8F5-A1A5EBAB7952}.Release|Any CPU.Build.0 = Release|Any CPU
		{12142866-6202-443A-A8D9-FEEE0E3ACE20}.Debug|Any CPU.ActiveCfg = Debug|Any CPU
		{12142866-6202-443A-A8D9-FEEE0E3ACE20}.Debug|Any CPU.Build.0 = Debug|Any CPU
		{12142866-6202-443A-A8D9-FEEE0E3ACE20}.Release|Any CPU.ActiveCfg = Release|Any CPU
		{12142866-6202-443A-A8D9-FEEE0E3ACE20}.Release|Any CPU.Build.0 = Release|Any CPU
		{4E99702A-B91C-4708-A9C0-41C3202C5B94}.Debug|Any CPU.ActiveCfg = Debug|Any CPU
		{4E99702A-B91C-4708-A9C0-41C3202C5B94}.Debug|Any CPU.Build.0 = Debug|Any CPU
		{4E99702A-B91C-4708-A9C0-41C3202C5B94}.Release|Any CPU.ActiveCfg = Release|Any CPU
		{4E99702A-B91C-4708-A9C0-41C3202C5B94}.Release|Any CPU.Build.0 = Release|Any CPU
	EndGlobalSection
	GlobalSection(SolutionProperties) = preSolution
		HideSolutionNode = FALSE
	EndGlobalSection
	GlobalSection(ExtensibilityGlobals) = postSolution
		SolutionGuid = {9BE428BD-9137-42F2-A638-6644BEAFA595}
	EndGlobalSection
EndGlobal
