
Microsoft Visual Studio Solution File, Format Version 12.00
# Visual Studio Version 16
VisualStudioVersion = 16.0.30804.86
MinimumVisualStudioVersion = 10.0.40219.1
Project("{FAE04EC0-301F-11D3-BF4B-00C04F79EFBC}") = "VitaminShop", "VitaminShop\VitaminShop.csproj", "{AF6DD436-2EE0-49A3-9120-B17B6E2A172F}"
EndProject
Global
	GlobalSection(SolutionConfigurationPlatforms) = preSolution
		Debug|Any CPU = Debug|Any CPU
		Release|Any CPU = Release|Any CPU
	EndGlobalSection
	GlobalSection(ProjectConfigurationPlatforms) = postSolution
		{AF6DD436-2EE0-49A3-9120-B17B6E2A172F}.Debug|Any CPU.ActiveCfg = Debug|Any CPU
		{AF6DD436-2EE0-49A3-9120-B17B6E2A172F}.Debug|Any CPU.Build.0 = Debug|Any CPU
		{AF6DD436-2EE0-49A3-9120-B17B6E2A172F}.Release|Any CPU.ActiveCfg = Release|Any CPU
		{AF6DD436-2EE0-49A3-9120-B17B6E2A172F}.Release|Any CPU.Build.0 = Release|Any CPU
	EndGlobalSection
	GlobalSection(SolutionProperties) = preSolution
		HideSolutionNode = FALSE
	EndGlobalSection
	GlobalSection(ExtensibilityGlobals) = postSolution
		SolutionGuid = {622F5794-6808-4901-94B4-70B263AE1311}
	EndGlobalSection
EndGlobal
