
Microsoft Visual Studio Solution File, Format Version 12.00
# Visual Studio Version 16
VisualStudioVersion = 16.0.30320.27
MinimumVisualStudioVersion = 10.0.40219.1
Project("{FAE04EC0-301F-11D3-BF4B-00C04F79EFBC}") = "ProductsDB", "ProductsDB\ProductsDB.csproj", "{37B07FD7-D562-4BF9-978A-4399369D5D3A}"
EndProject
Global
	GlobalSection(SolutionConfigurationPlatforms) = preSolution
		Debug|Any CPU = Debug|Any CPU
		Release|Any CPU = Release|Any CPU
	EndGlobalSection
	GlobalSection(ProjectConfigurationPlatforms) = postSolution
		{37B07FD7-D562-4BF9-978A-4399369D5D3A}.Debug|Any CPU.ActiveCfg = Debug|Any CPU
		{37B07FD7-D562-4BF9-978A-4399369D5D3A}.Debug|Any CPU.Build.0 = Debug|Any CPU
		{37B07FD7-D562-4BF9-978A-4399369D5D3A}.Release|Any CPU.ActiveCfg = Release|Any CPU
		{37B07FD7-D562-4BF9-978A-4399369D5D3A}.Release|Any CPU.Build.0 = Release|Any CPU
	EndGlobalSection
	GlobalSection(SolutionProperties) = preSolution
		HideSolutionNode = FALSE
	EndGlobalSection
	GlobalSection(ExtensibilityGlobals) = postSolution
		SolutionGuid = {EE3372E0-5E39-4C56-993B-B6AF9881BB6E}
	EndGlobalSection
EndGlobal
