
Microsoft Visual Studio Solution File, Format Version 12.00
# Visual Studio Version 16
VisualStudioVersion = 16.0.30320.27
MinimumVisualStudioVersion = 10.0.40219.1
Project("{FAE04EC0-301F-11D3-BF4B-00C04F79EFBC}") = "User", "User\User.csproj", "{64287A0D-D7FF-4393-87A6-C5031E027020}"
EndProject
Global
	GlobalSection(SolutionConfigurationPlatforms) = preSolution
		Debug|Any CPU = Debug|Any CPU
		Release|Any CPU = Release|Any CPU
	EndGlobalSection
	GlobalSection(ProjectConfigurationPlatforms) = postSolution
		{64287A0D-D7FF-4393-87A6-C5031E027020}.Debug|Any CPU.ActiveCfg = Debug|Any CPU
		{64287A0D-D7FF-4393-87A6-C5031E027020}.Debug|Any CPU.Build.0 = Debug|Any CPU
		{64287A0D-D7FF-4393-87A6-C5031E027020}.Release|Any CPU.ActiveCfg = Release|Any CPU
		{64287A0D-D7FF-4393-87A6-C5031E027020}.Release|Any CPU.Build.0 = Release|Any CPU
	EndGlobalSection
	GlobalSection(SolutionProperties) = preSolution
		HideSolutionNode = FALSE
	EndGlobalSection
	GlobalSection(ExtensibilityGlobals) = postSolution
		SolutionGuid = {CEE1A79A-4BED-40DD-AC93-FAC776F407FC}
	EndGlobalSection
EndGlobal
